
Microsoft Visual Studio Solution File, Format Version 12.00
# Visual Studio Version 17
VisualStudioVersion = 17.0.31903.59
MinimumVisualStudioVersion = 10.0.40219.1
Project("{2150E333-8FDC-42A3-9474-1A3956D46DE8}") = "Lib", "Lib", "{FC1FAD89-AEAA-4873-8CAD-D586E9776FD5}"
EndProject
Project("{FAE04EC0-301F-11D3-BF4B-00C04F79EFBC}") = "Civilization.Core", "Lib\Civilization.Core\Civilization.Core.csproj", "{BDB56C1A-FE23-4F49-A713-AF6121E79651}"
EndProject
Project("{FAE04EC0-301F-11D3-BF4B-00C04F79EFBC}") = "Civilization.Shared", "Lib\Civilization.Shared\Civilization.Shared.csproj", "{2776AAB2-6500-4976-8E5F-0A67D52ED428}"
EndProject
Project("{FAE04EC0-301F-11D3-BF4B-00C04F79EFBC}") = "Civilization.Server", "Lib\Civilization.Server\Civilization.Server.csproj", "{5929BEC7-1832-4C9E-A6E0-F750ED57C414}"
EndProject
Project("{FAE04EC0-301F-11D3-BF4B-00C04F79EFBC}") = "Civilization.GodotIntegration", "godot_game\Civilization.GodotIntegration.csproj", "{3B32AE10-5C0C-4D72-8E5C-B17E29065A6D}"
EndProject
Global
	GlobalSection(SolutionConfigurationPlatforms) = preSolution
		Debug|Any CPU = Debug|Any CPU
		Release|Any CPU = Release|Any CPU
	EndGlobalSection
	GlobalSection(SolutionProperties) = preSolution
		HideSolutionNode = FALSE
	EndGlobalSection
	GlobalSection(ProjectConfigurationPlatforms) = postSolution
		{BDB56C1A-FE23-4F49-A713-AF6121E79651}.Debug|Any CPU.ActiveCfg = Debug|Any CPU
		{BDB56C1A-FE23-4F49-A713-AF6121E79651}.Debug|Any CPU.Build.0 = Debug|Any CPU
		{BDB56C1A-FE23-4F49-A713-AF6121E79651}.Release|Any CPU.ActiveCfg = Release|Any CPU
		{BDB56C1A-FE23-4F49-A713-AF6121E79651}.Release|Any CPU.Build.0 = Release|Any CPU
		{2776AAB2-6500-4976-8E5F-0A67D52ED428}.Debug|Any CPU.ActiveCfg = Debug|Any CPU
		{2776AAB2-6500-4976-8E5F-0A67D52ED428}.Debug|Any CPU.Build.0 = Debug|Any CPU
		{2776AAB2-6500-4976-8E5F-0A67D52ED428}.Release|Any CPU.ActiveCfg = Release|Any CPU
		{2776AAB2-6500-4976-8E5F-0A67D52ED428}.Release|Any CPU.Build.0 = Release|Any CPU
		{5929BEC7-1832-4C9E-A6E0-F750ED57C414}.Debug|Any CPU.ActiveCfg = Debug|Any CPU
		{5929BEC7-1832-4C9E-A6E0-F750ED57C414}.Debug|Any CPU.Build.0 = Debug|Any CPU
		{5929BEC7-1832-4C9E-A6E0-F750ED57C414}.Release|Any CPU.ActiveCfg = Release|Any CPU
		{5929BEC7-1832-4C9E-A6E0-F750ED57C414}.Release|Any CPU.Build.0 = Release|Any CPU
		{3B32AE10-5C0C-4D72-8E5C-B17E29065A6D}.Debug|Any CPU.ActiveCfg = Debug|Any CPU
		{3B32AE10-5C0C-4D72-8E5C-B17E29065A6D}.Debug|Any CPU.Build.0 = Debug|Any CPU
		{3B32AE10-5C0C-4D72-8E5C-B17E29065A6D}.Release|Any CPU.ActiveCfg = Debug|Any CPU
		{3B32AE10-5C0C-4D72-8E5C-B17E29065A6D}.Release|Any CPU.Build.0 = Debug|Any CPU
	EndGlobalSection
	GlobalSection(NestedProjects) = preSolution
		{BDB56C1A-FE23-4F49-A713-AF6121E79651} = {FC1FAD89-AEAA-4873-8CAD-D586E9776FD5}
		{2776AAB2-6500-4976-8E5F-0A67D52ED428} = {FC1FAD89-AEAA-4873-8CAD-D586E9776FD5}
		{5929BEC7-1832-4C9E-A6E0-F750ED57C414} = {FC1FAD89-AEAA-4873-8CAD-D586E9776FD5}
	EndGlobalSection
EndGlobal
